{
    "_meta": {
        "hash": {
            "sha256": "28fe96cdec3061ddcfed441274f5ef77883923caff38b3feac4e28a3693113a8"
        },
        "pipfile-spec": 6,
        "requires": {
            "python_version": "3.5"
        },
        "sources": [
            {
                "name": "pypi",
                "url": "https://pypi.org/simple",
                "verify_ssl": true
            }
        ]
    },
    "default": {
        "beautifulsoup4": {
            "hashes": [
                "sha256:194ec62a25438adcb3fdb06378b26559eda1ea8a747367d34c33cef9c7f48d57",
                "sha256:90f8e61121d6ae58362ce3bed8cd997efb00c914eae0ff3d363c32f9a9822d10",
                "sha256:f0abd31228055d698bb392a826528ea08ebb9959e6bea17c606fd9c9009db938"
            ],
            "version": "==4.6.3"
        },
        "bs4": {
            "hashes": [
                "sha256:36ecea1fd7cc5c0c6e4a1ff075df26d50da647b75376626cc186e2212886dd3a"
            ],
            "index": "pypi",
            "version": "==0.0.1"
        },
        "certifi": {
            "hashes": [
                "sha256:376690d6f16d32f9d1fe8932551d80b23e9d393a8578c5633a2ed39a64861638",
                "sha256:456048c7e371c089d0a77a5212fb37a2c2dce1e24146e3b7e0261736aaeaa22a"
            ],
            "version": "==2018.8.24"
        },
        "chardet": {
            "hashes": [
                "sha256:84ab92ed1c4d4f16916e05906b6b75a6c0fb5db821cc65e70cbd64a3e2a5eaae",
                "sha256:fc323ffcaeaed0e0a02bf4d117757b98aed530d9ed4531e3e15460124c106691"
            ],
            "version": "==3.0.4"
        },
        "idna": {
            "hashes": [
                "sha256:156a6814fb5ac1fc6850fb002e0852d56c0c8d2531923a51032d1b70760e186e",
                "sha256:684a38a6f903c1d71d6d5fac066b58d7768af4de2b832e426ec79c30daa94a16"
            ],
            "version": "==2.7"
        },
        "pyaes": {
            "hashes": [
                "sha256:02c1b1405c38d3c370b085fb952dd8bea3fadcee6411ad99f312cc129c536d8f"
            ],
            "version": "==1.6.1"
        },
        "pyrogram": {
            "hashes": [
                "sha256:2985801dc2a5c6918c4274b2ac0824951597506a3ed381c42919e70dd6535950",
                "sha256:ce27b24cd19045c735e91486ba70ea7a9e9e6b80c592040dedc7c71f1ddb3c5d"
            ],
            "index": "pypi",
            "version": "==0.7.5"
        },
        "pysocks": {
            "hashes": [
                "sha256:3fe52c55890a248676fd69dc9e3c4e811718b777834bcaab7a8125cf9deac672"
            ],
            "version": "==1.6.8"
        },
        "requests": {
            "hashes": [
                "sha256:63b52e3c866428a224f97cab011de738c36aec0185aa91cfacd418b5d58911d1",
                "sha256:ec22d826a36ed72a7358ff3fe56cbd4ba69dd7a6718ffd450ff0e9df7a47ce6a"
            ],
            "index": "pypi",
            "version": "==2.19.1"
        },
        "selenium": {
            "hashes": [
                "sha256:c53d13a2627d835fee3d1d6291214c62196dfeb6f5f35572bacf31ac60c030c0",
                "sha256:f9ca21919b564a0a86012cd2177923e3a7f37c4a574207086e710192452a7c40"
            ],
            "index": "pypi",
            "version": "==3.14.0"
        },
        "six": {
            "hashes": [
                "sha256:70e8a77beed4562e7f14fe23a786b54f6296e34344c23bc42f07b15018ff98e9",
                "sha256:832dc0e10feb1aa2c68dcc57dbb658f1c7e65b9b61af69048abc87a2db00a0eb"
            ],
            "version": "==1.11.0"
        },
        "telegraph": {
            "hashes": [
                "sha256:65c3593a9dc2b381e941b3d36fcd31d40bf306ec1f0d222d07ce87efebfce070",
                "sha256:ab540a9e7393870c66cd34e048f161cbba9b65271ff2aae06c58d7aa69fcda64"
            ],
            "index": "pypi",
            "version": "==1.3.0"
        },
        "tgcrypto": {
            "hashes": [
                "sha256:0336274ce29b9a2f6e1fcd0668520371bf5f02fdf642edfd3fbaadf1757933d2",
                "sha256:066c5b05d2fb479a2178877c20da4ef19d09cd0612e9d4f1e770b2561917e98b",
                "sha256:0d94e68e145eebd408d66fbe82d293cc442884943548783ed343ee86e19ca31d",
                "sha256:1bc9dc34f01858b558a1fe3a98ad6b810c14a21f7c3cb5a0a8973eb486e526f6",
                "sha256:32489ff2f317044ba49ce22d0b9973c4b619a8dfcb2e74bba5069d7fb6974cc1",
                "sha256:41ba3bf978970ac5425a6a1789811df65581f5746f71242013b9b4eda4d3db06",
                "sha256:47ecf9febade70a77b711e5a62d090e8018dc49562a7416f383c9b3f663dc9b9",
                "sha256:4d64c447edc3d83c5541a2897a68ba8a0652b43c385271e26a4b37e5f5fac490",
                "sha256:5618d8cdf2cfb280512bcb9982868ecc6957c4236737e75b95fede0ebd6f16ac",
                "sha256:6afe7e59d73d279805bf20530d388ded1d01792fe53df05a5389ebf33855a680",
                "sha256:7604496669aaded395e99e6c73b6939bacb6afdc18b8a652c6471b156cd64970",
                "sha256:9e075b564034bcf05a04b44d25e319baae3a11b3ebc82cb8d086d2e9162aa737",
                "sha256:9ff7900f28dcace9d20892976abba653b231901396e800cb1c3289d8abd3b193",
                "sha256:b1febaf94a30a677b1f4f7171407ccf1c2c327ac99dff353a1d0355336b7b470",
                "sha256:bd973b900c756d8daa64ba9e4b78f6cfebb00079a9030e047784dab3e7665d4b",
                "sha256:c1078bd6e58a10633dedabb19f5a2a152007ae909fee719ef9c9140fdb8fbb51",
                "sha256:db8d3ab4ad4b140e7894e049941babcced50e4dec202151a2d056ff1b8963877",
                "sha256:e7429e2c1544be03ba26a52a9d06b62e7d73efe28be40034a9e0fa7627b7af84",
                "sha256:fb64417dcd224166b1ff5081767b6fa28d7b6f029a5e7ff4771555d2674bb7cd"
            ],
            "index": "pypi",
            "version": "==1.0.4"
        },
        "transitions": {
            "hashes": [
                "sha256:155de243bd935959ae66cdab5c4c1a92f2bbf48555c6f994365935a0a9fffc1b",
                "sha256:adbfce523187e4f1b8745250e4562d43fe4562e7d2152ab11d1c8ae9da51eaad"
            ],
            "index": "pypi",
            "version": "==0.6.8"
        },
        "urllib3": {
            "hashes": [
                "sha256:a68ac5e15e76e7e5dd2b8f94007233e01effe3e50e8daddf69acfd81cb686baf",
                "sha256:b5725a0bd4ba422ab0e66e89e030c806576753ea3ee08554382c14e685d117b5"
            ],
            "markers": "python_version != '3.0.*' and python_version < '4' and python_version != '3.3.*' and python_version >= '2.6' and python_version != '3.2.*' and python_version != '3.1.*'",
            "version": "==1.23"
        }
    },
    "develop": {}
}
