{
    "_meta": {
        "hash": {
            "sha256": "00d120722ae418b63819fb76a238be648ef5aa1d761ee82b19bd0e03edd74437"
        },
        "pipfile-spec": 6,
        "requires": {
            "python_version": "3.5"
        },
        "sources": [
            {
                "name": "pypi",
                "url": "https://pypi.org/simple",
                "verify_ssl": true
            }
        ]
    },
    "default": {
        "pyaes": {
            "hashes": [
                "sha256:02c1b1405c38d3c370b085fb952dd8bea3fadcee6411ad99f312cc129c536d8f"
            ],
            "version": "==1.6.1"
        },
        "pyrogram": {
            "hashes": [
                "sha256:2985801dc2a5c6918c4274b2ac0824951597506a3ed381c42919e70dd6535950",
                "sha256:ce27b24cd19045c735e91486ba70ea7a9e9e6b80c592040dedc7c71f1ddb3c5d"
            ],
            "index": "pypi",
            "version": "==0.7.5"
        },
        "pysocks": {
            "hashes": [
                "sha256:3fe52c55890a248676fd69dc9e3c4e811718b777834bcaab7a8125cf9deac672"
            ],
            "version": "==1.6.8"
        },
        "tgcrypto": {
            "hashes": [
                "sha256:0336274ce29b9a2f6e1fcd0668520371bf5f02fdf642edfd3fbaadf1757933d2",
                "sha256:066c5b05d2fb479a2178877c20da4ef19d09cd0612e9d4f1e770b2561917e98b",
                "sha256:0d94e68e145eebd408d66fbe82d293cc442884943548783ed343ee86e19ca31d",
                "sha256:1bc9dc34f01858b558a1fe3a98ad6b810c14a21f7c3cb5a0a8973eb486e526f6",
                "sha256:32489ff2f317044ba49ce22d0b9973c4b619a8dfcb2e74bba5069d7fb6974cc1",
                "sha256:41ba3bf978970ac5425a6a1789811df65581f5746f71242013b9b4eda4d3db06",
                "sha256:47ecf9febade70a77b711e5a62d090e8018dc49562a7416f383c9b3f663dc9b9",
                "sha256:4d64c447edc3d83c5541a2897a68ba8a0652b43c385271e26a4b37e5f5fac490",
                "sha256:5618d8cdf2cfb280512bcb9982868ecc6957c4236737e75b95fede0ebd6f16ac",
                "sha256:6afe7e59d73d279805bf20530d388ded1d01792fe53df05a5389ebf33855a680",
                "sha256:7604496669aaded395e99e6c73b6939bacb6afdc18b8a652c6471b156cd64970",
                "sha256:9e075b564034bcf05a04b44d25e319baae3a11b3ebc82cb8d086d2e9162aa737",
                "sha256:9ff7900f28dcace9d20892976abba653b231901396e800cb1c3289d8abd3b193",
                "sha256:b1febaf94a30a677b1f4f7171407ccf1c2c327ac99dff353a1d0355336b7b470",
                "sha256:bd973b900c756d8daa64ba9e4b78f6cfebb00079a9030e047784dab3e7665d4b",
                "sha256:c1078bd6e58a10633dedabb19f5a2a152007ae909fee719ef9c9140fdb8fbb51",
                "sha256:db8d3ab4ad4b140e7894e049941babcced50e4dec202151a2d056ff1b8963877",
                "sha256:e7429e2c1544be03ba26a52a9d06b62e7d73efe28be40034a9e0fa7627b7af84",
                "sha256:fb64417dcd224166b1ff5081767b6fa28d7b6f029a5e7ff4771555d2674bb7cd"
            ],
            "index": "pypi",
            "version": "==1.0.4"
        }
    },
    "develop": {}
}
